
Microsoft Visual Studio Solution File, Format Version 12.00
# Visual Studio Version 17
VisualStudioVersion = 17.0.31903.59
MinimumVisualStudioVersion = 10.0.40219.1
Project("{FAE04EC0-301F-11D3-BF4B-00C04F79EFBC}") = "CustomerAPI", "CustomerAPI\CustomerAPI.csproj", "{7E9777EB-3FC0-4A17-9F9D-901BB7FB75D2}"
EndProject
Project("{FAE04EC0-301F-11D3-BF4B-00C04F79EFBC}") = "AccountAPI", "AccountAPI\AccountAPI.csproj", "{6C6D666C-3B7B-4C0B-A643-812A01691F10}"
EndProject
Project("{FAE04EC0-301F-11D3-BF4B-00C04F79EFBC}") = "AddressAPI", "AddressAPI\AddressAPI.csproj", "{F3D91C28-8491-4C8A-BB5F-BE7FB006469C}"
EndProject
Global
	GlobalSection(SolutionConfigurationPlatforms) = preSolution
		Debug|Any CPU = Debug|Any CPU
		Release|Any CPU = Release|Any CPU
	EndGlobalSection
	GlobalSection(SolutionProperties) = preSolution
		HideSolutionNode = FALSE
	EndGlobalSection
	GlobalSection(ProjectConfigurationPlatforms) = postSolution
		{7E9777EB-3FC0-4A17-9F9D-901BB7FB75D2}.Debug|Any CPU.ActiveCfg = Debug|Any CPU
		{7E9777EB-3FC0-4A17-9F9D-901BB7FB75D2}.Debug|Any CPU.Build.0 = Debug|Any CPU
		{7E9777EB-3FC0-4A17-9F9D-901BB7FB75D2}.Release|Any CPU.ActiveCfg = Release|Any CPU
		{7E9777EB-3FC0-4A17-9F9D-901BB7FB75D2}.Release|Any CPU.Build.0 = Release|Any CPU
		{6C6D666C-3B7B-4C0B-A643-812A01691F10}.Debug|Any CPU.ActiveCfg = Debug|Any CPU
		{6C6D666C-3B7B-4C0B-A643-812A01691F10}.Debug|Any CPU.Build.0 = Debug|Any CPU
		{6C6D666C-3B7B-4C0B-A643-812A01691F10}.Release|Any CPU.ActiveCfg = Release|Any CPU
		{6C6D666C-3B7B-4C0B-A643-812A01691F10}.Release|Any CPU.Build.0 = Release|Any CPU
		{F3D91C28-8491-4C8A-BB5F-BE7FB006469C}.Debug|Any CPU.ActiveCfg = Debug|Any CPU
		{F3D91C28-8491-4C8A-BB5F-BE7FB006469C}.Debug|Any CPU.Build.0 = Debug|Any CPU
		{F3D91C28-8491-4C8A-BB5F-BE7FB006469C}.Release|Any CPU.ActiveCfg = Release|Any CPU
		{F3D91C28-8491-4C8A-BB5F-BE7FB006469C}.Release|Any CPU.Build.0 = Release|Any CPU
	EndGlobalSection
EndGlobal
